// !$*UTF8*$!
{
	archiveVersion = 1;
	classes = {
	};
	objectVersion = 46;
	objects = {

/* Begin PBXBuildFile section */
		D2808A231D94541500DA555E /* main.cpp in Sources */ = {isa = PBXBuildFile; fileRef = D2808A221D94541500DA555E /* main.cpp */; };
/* End PBXBuildFile section */

/* Begin PBXCopyFilesBuildPhase section */
		D2808A1D1D94541500DA555E /* CopyFiles */ = {
			isa = PBXCopyFilesBuildPhase;
			buildActionMask = 2147483647;
			dstPath = /usr/share/man/man1/;
			dstSubfolderSpec = 0;
			files = (
			);
			runOnlyForDeploymentPostprocessing = 1;
		};
/* End PBXCopyFilesBuildPhase section */

/* Begin PBXFileReference section */
		D227AC461D94579100E9B3B4 /* Policy.hpp */ = {isa = PBXFileReference; fileEncoding = 4; lastKnownFileType = sourcecode.cpp.h; path = Policy.hpp; sourceTree = "<group>"; };
		D2808A1F1D94541500DA555E /* UTM_Monopoly_V_3 */ = {isa = PBXFileReference; explicitFileType = "compiled.mach-o.executable"; includeInIndex = 0; path = UTM_Monopoly_V_3; sourceTree = BUILT_PRODUCTS_DIR; };
		D2808A221D94541500DA555E /* main.cpp */ = {isa = PBXFileReference; lastKnownFileType = sourcecode.cpp.cpp; path = main.cpp; sourceTree = "<group>"; };
		D2808A291D94545400DA555E /* CCEA.hpp */ = {isa = PBXFileReference; lastKnownFileType = sourcecode.cpp.h; path = CCEA.hpp; sourceTree = "<group>"; };
		D2808A2A1D94545400DA555E /* Individual.hpp */ = {isa = PBXFileReference; lastKnownFileType = sourcecode.cpp.h; path = Individual.hpp; sourceTree = "<group>"; };
		D2808A2B1D94545400DA555E /* Parameters.hpp */ = {isa = PBXFileReference; lastKnownFileType = sourcecode.cpp.h; path = Parameters.hpp; sourceTree = "<group>"; };
		D2808A2C1D94545400DA555E /* Simulator.hpp */ = {isa = PBXFileReference; lastKnownFileType = sourcecode.cpp.h; path = Simulator.hpp; sourceTree = "<group>"; };
		D2808A2D1D94545400DA555E /* Team.hpp */ = {isa = PBXFileReference; lastKnownFileType = sourcecode.cpp.h; path = Team.hpp; sourceTree = "<group>"; };
		D2808A2E1D94545400DA555E /* Waypoint.hpp */ = {isa = PBXFileReference; lastKnownFileType = sourcecode.cpp.h; path = Waypoint.hpp; sourceTree = "<group>"; };
/* End PBXFileReference section */

/* Begin PBXFrameworksBuildPhase section */
		D2808A1C1D94541500DA555E /* Frameworks */ = {
			isa = PBXFrameworksBuildPhase;
			buildActionMask = 2147483647;
			files = (
			);
			runOnlyForDeploymentPostprocessing = 0;
		};
/* End PBXFrameworksBuildPhase section */

/* Begin PBXGroup section */
		D2808A161D94541500DA555E = {
			isa = PBXGroup;
			children = (
				D2808A211D94541500DA555E /* UTM_Monopoly_V_3 */,
				D2808A201D94541500DA555E /* Products */,
			);
			sourceTree = "<group>";
		};
		D2808A201D94541500DA555E /* Products */ = {
			isa = PBXGroup;
			children = (
				D2808A1F1D94541500DA555E /* UTM_Monopoly_V_3 */,
			);
			name = Products;
			sourceTree = "<group>";
		};
		D2808A211D94541500DA555E /* UTM_Monopoly_V_3 */ = {
			isa = PBXGroup;
			children = (
				D2808A221D94541500DA555E /* main.cpp */,
				D2808A291D94545400DA555E /* CCEA.hpp */,
				D2808A2A1D94545400DA555E /* Individual.hpp */,
				D227AC461D94579100E9B3B4 /* Policy.hpp */,
				D2808A2B1D94545400DA555E /* Parameters.hpp */,
				D2808A2C1D94545400DA555E /* Simulator.hpp */,
				D2808A2D1D94545400DA555E /* Team.hpp */,
				D2808A2E1D94545400DA555E /* Waypoint.hpp */,
			);
			path = UTM_Monopoly_V_3;
			sourceTree = "<group>";
		};
/* End PBXGroup section */

/* Begin PBXNativeTarget section */
		D2808A1E1D94541500DA555E /* UTM_Monopoly_V_3 */ = {
			isa = PBXNativeTarget;
			buildConfigurationList = D2808A261D94541500DA555E /* Build configuration list for PBXNativeTarget "UTM_Monopoly_V_3" */;
			buildPhases = (
				D2808A1B1D94541500DA555E /* Sources */,
				D2808A1C1D94541500DA555E /* Frameworks */,
				D2808A1D1D94541500DA555E /* CopyFiles */,
			);
			buildRules = (
			);
			dependencies = (
			);
			name = UTM_Monopoly_V_3;
			productName = UTM_Monopoly_V_3;
			productReference = D2808A1F1D94541500DA555E /* UTM_Monopoly_V_3 */;
			productType = "com.apple.product-type.tool";
		};
/* End PBXNativeTarget section */

/* Begin PBXProject section */
		D2808A171D94541500DA555E /* Project object */ = {
			isa = PBXProject;
			attributes = {
				LastUpgradeCheck = 0800;
				ORGANIZATIONNAME = "Scott S Forer";
				TargetAttributes = {
					D2808A1E1D94541500DA555E = {
						CreatedOnToolsVersion = 8.0;
						ProvisioningStyle = Automatic;
					};
				};
			};
			buildConfigurationList = D2808A1A1D94541500DA555E /* Build configuration list for PBXProject "UTM_Monopoly_V_3" */;
			compatibilityVersion = "Xcode 3.2";
			developmentRegion = English;
			hasScannedForEncodings = 0;
			knownRegions = (
				en,
			);
			mainGroup = D2808A161D94541500DA555E;
			productRefGroup = D2808A201D94541500DA555E /* Products */;
			projectDirPath = "";
			projectRoot = "";
			targets = (
				D2808A1E1D94541500DA555E /* UTM_Monopoly_V_3 */,
			);
		};
/* End PBXProject section */

/* Begin PBXSourcesBuildPhase section */
		D2808A1B1D94541500DA555E /* Sources */ = {
			isa = PBXSourcesBuildPhase;
			buildActionMask = 2147483647;
			files = (
				D2808A231D94541500DA555E /* main.cpp in Sources */,
			);
			runOnlyForDeploymentPostprocessing = 0;
		};
/* End PBXSourcesBuildPhase section */

/* Begin XCBuildConfiguration section */
		D2808A241D94541500DA555E /* Debug */ = {
			isa = XCBuildConfiguration;
			buildSettings = {
				ALWAYS_SEARCH_USER_PATHS = NO;
				CLANG_ANALYZER_NONNULL = YES;
				CLANG_CXX_LANGUAGE_STANDARD = "gnu++0x";
				CLANG_CXX_LIBRARY = "libc++";
				CLANG_ENABLE_MODULES = YES;
				CLANG_ENABLE_OBJC_ARC = YES;
				CLANG_WARN_BOOL_CONVERSION = YES;
				CLANG_WARN_CONSTANT_CONVERSION = YES;
				CLANG_WARN_DIRECT_OBJC_ISA_USAGE = YES_ERROR;
				CLANG_WARN_DOCUMENTATION_COMMENTS = YES;
				CLANG_WARN_EMPTY_BODY = YES;
				CLANG_WARN_ENUM_CONVERSION = YES;
				CLANG_WARN_INFINITE_RECURSION = YES;
				CLANG_WARN_INT_CONVERSION = YES;
				CLANG_WARN_OBJC_ROOT_CLASS = YES_ERROR;
				CLANG_WARN_SUSPICIOUS_MOVES = YES;
				CLANG_WARN_UNREACHABLE_CODE = YES;
				CLANG_WARN__DUPLICATE_METHOD_MATCH = YES;
				CODE_SIGN_IDENTITY = "-";
				COPY_PHASE_STRIP = NO;
				DEBUG_INFORMATION_FORMAT = dwarf;
				ENABLE_STRICT_OBJC_MSGSEND = YES;
				ENABLE_TESTABILITY = YES;
				GCC_C_LANGUAGE_STANDARD = gnu99;
				GCC_DYNAMIC_NO_PIC = NO;
				GCC_NO_COMMON_BLOCKS = YES;
				GCC_OPTIMIZATION_LEVEL = 0;
				GCC_PREPROCESSOR_DEFINITIONS = (
					"DEBUG=1",
					"$(inherited)",
				);
				GCC_WARN_64_TO_32_BIT_CONVERSION = YES;
				GCC_WARN_ABOUT_RETURN_TYPE = YES_ERROR;
				GCC_WARN_UNDECLARED_SELECTOR = YES;
				GCC_WARN_UNINITIALIZED_AUTOS = YES_AGGRESSIVE;
				GCC_WARN_UNUSED_FUNCTION = YES;
				GCC_WARN_UNUSED_VARIABLE = YES;
				MACOSX_DEPLOYMENT_TARGET = 10.11;
				MTL_ENABLE_DEBUG_INFO = YES;
				ONLY_ACTIVE_ARCH = YES;
				SDKROOT = macosx;
			};
			name = Debug;
		};
		D2808A251D94541500DA555E /* Release */ = {
			isa = XCBuildConfiguration;
			buildSettings = {
				ALWAYS_SEARCH_USER_PATHS = NO;
				CLANG_ANALYZER_NONNULL = YES;
				CLANG_CXX_LANGUAGE_STANDARD = "gnu++0x";
				CLANG_CXX_LIBRARY = "libc++";
				CLANG_ENABLE_MODULES = YES;
				CLANG_ENABLE_OBJC_ARC = YES;
				CLANG_WARN_BOOL_CONVERSION = YES;
				CLANG_WARN_CONSTANT_CONVERSION = YES;
				CLANG_WARN_DIRECT_OBJC_ISA_USAGE = YES_ERROR;
				CLANG_WARN_DOCUMENTATION_COMMENTS = YES;
				CLANG_WARN_EMPTY_BODY = YES;
				CLANG_WARN_ENUM_CONVERSION = YES;
				CLANG_WARN_INFINITE_RECURSION = YES;
				CLANG_WARN_INT_CONVERSION = YES;
				CLANG_WARN_OBJC_ROOT_CLASS = YES_ERROR;
				CLANG_WARN_SUSPICIOUS_MOVES = YES;
				CLANG_WARN_UNREACHABLE_CODE = YES;
				CLANG_WARN__DUPLICATE_METHOD_MATCH = YES;
				CODE_SIGN_IDENTITY = "-";
				COPY_PHASE_STRIP = NO;
				DEBUG_INFORMATION_FORMAT = "dwarf-with-dsym";
				ENABLE_NS_ASSERTIONS = NO;
				ENABLE_STRICT_OBJC_MSGSEND = YES;
				GCC_C_LANGUAGE_STANDARD = gnu99;
				GCC_NO_COMMON_BLOCKS = YES;
				GCC_WARN_64_TO_32_BIT_CONVERSION = YES;
				GCC_WARN_ABOUT_RETURN_TYPE = YES_ERROR;
				GCC_WARN_UNDECLARED_SELECTOR = YES;
				GCC_WARN_UNINITIALIZED_AUTOS = YES_AGGRESSIVE;
				GCC_WARN_UNUSED_FUNCTION = YES;
				GCC_WARN_UNUSED_VARIABLE = YES;
				MACOSX_DEPLOYMENT_TARGET = 10.11;
				MTL_ENABLE_DEBUG_INFO = NO;
				SDKROOT = macosx;
			};
			name = Release;
		};
		D2808A271D94541500DA555E /* Debug */ = {
			isa = XCBuildConfiguration;
			buildSettings = {
				PRODUCT_NAME = "$(TARGET_NAME)";
			};
			name = Debug;
		};
		D2808A281D94541500DA555E /* Release */ = {
			isa = XCBuildConfiguration;
			buildSettings = {
				PRODUCT_NAME = "$(TARGET_NAME)";
			};
			name = Release;
		};
/* End XCBuildConfiguration section */

/* Begin XCConfigurationList section */
		D2808A1A1D94541500DA555E /* Build configuration list for PBXProject "UTM_Monopoly_V_3" */ = {
			isa = XCConfigurationList;
			buildConfigurations = (
				D2808A241D94541500DA555E /* Debug */,
				D2808A251D94541500DA555E /* Release */,
			);
			defaultConfigurationIsVisible = 0;
			defaultConfigurationName = Release;
		};
		D2808A261D94541500DA555E /* Build configuration list for PBXNativeTarget "UTM_Monopoly_V_3" */ = {
			isa = XCConfigurationList;
			buildConfigurations = (
				D2808A271D94541500DA555E /* Debug */,
				D2808A281D94541500DA555E /* Release */,
			);
			defaultConfigurationIsVisible = 0;
			defaultConfigurationName = Release;
		};
/* End XCConfigurationList section */
	};
	rootObject = D2808A171D94541500DA555E /* Project object */;
}
